
Microsoft Visual Studio Solution File, Format Version 12.00
# Visual Studio Version 16
VisualStudioVersion = 16.0.30114.105
MinimumVisualStudioVersion = 10.0.40219.1
Project("{2150E333-8FDC-42A3-9474-1A3956D46DE8}") = "2020", "2020", "{8BCFCE54-EA83-438C-8C25-7EBFF99C0278}"
EndProject
Project("{2150E333-8FDC-42A3-9474-1A3956D46DE8}") = "csharp", "csharp", "{A6939616-5964-4176-9609-35D259049C4A}"
EndProject
Project("{FAE04EC0-301F-11D3-BF4B-00C04F79EFBC}") = "05", "2020\csharp\05\05.csproj", "{5B083ACA-49DD-4430-BBCB-35DEC02B83A0}"
EndProject
Project("{FAE04EC0-301F-11D3-BF4B-00C04F79EFBC}") = "Advent.Common", "Advent.Common\Advent.Common.csproj", "{C7A35E87-E3D8-4FC7-AED2-E8BFC3D3A7BB}"
EndProject
Project("{FAE04EC0-301F-11D3-BF4B-00C04F79EFBC}") = "06", "2020\csharp\06\06.csproj", "{33A86FCA-7F62-4289-B0B5-D60EA060081B}"
EndProject
Project("{FAE04EC0-301F-11D3-BF4B-00C04F79EFBC}") = "07", "2020\csharp\07\07.csproj", "{B09FEA2C-C5FB-47AC-BE8C-117B1283255E}"
EndProject
Project("{FAE04EC0-301F-11D3-BF4B-00C04F79EFBC}") = "08", "2020\csharp\08\08.csproj", "{567DE139-14C5-4F16-9743-304007D6CA84}"
EndProject
Project("{FAE04EC0-301F-11D3-BF4B-00C04F79EFBC}") = "09", "2020\csharp\09\09.csproj", "{1DD73134-0E0D-4EED-9FDF-79E81D102C02}"
EndProject
Project("{FAE04EC0-301F-11D3-BF4B-00C04F79EFBC}") = "10", "2020\csharp\10\10.csproj", "{47057FC8-8653-4847-9693-7D5BEC908970}"
EndProject
Project("{FAE04EC0-301F-11D3-BF4B-00C04F79EFBC}") = "11", "2020\csharp\11\11.csproj", "{0336B4C1-76C4-4D7E-9E2F-79B14F4EE83C}"
EndProject
Project("{2150E333-8FDC-42A3-9474-1A3956D46DE8}") = "2021", "2021", "{58D39CE7-733C-4762-B1D0-2FDD6888F95C}"
EndProject
Project("{FAE04EC0-301F-11D3-BF4B-00C04F79EFBC}") = "01", "2021\01\01.csproj", "{3C821E3F-585D-4129-B0B7-F5F4940834EC}"
EndProject
Project("{FAE04EC0-301F-11D3-BF4B-00C04F79EFBC}") = "02", "2021\02\02.csproj", "{C05ED409-4C33-47EC-9F8F-0CE3CE91B3BD}"
EndProject
Project("{FAE04EC0-301F-11D3-BF4B-00C04F79EFBC}") = "03", "2021\03\03.csproj", "{1C3556C9-01A7-4B66-B114-926DAF180BFF}"
EndProject
Project("{FAE04EC0-301F-11D3-BF4B-00C04F79EFBC}") = "04", "2021\04\04.csproj", "{BDE2D120-8B08-4F15-8B50-9E01425177D2}"
EndProject
Project("{FAE04EC0-301F-11D3-BF4B-00C04F79EFBC}") = "05", "2021\05\05.csproj", "{2D332C18-B151-445B-BB87-CD7372AFFA2C}"
EndProject
Project("{FAE04EC0-301F-11D3-BF4B-00C04F79EFBC}") = "06", "2021\06\06.csproj", "{FAA654CE-442E-40CA-8049-9D92925FDE8C}"
EndProject
Project("{FAE04EC0-301F-11D3-BF4B-00C04F79EFBC}") = "07", "2021\07\07.csproj", "{15157A46-F447-4C2E-9471-A94D18CA6BAE}"
EndProject
Project("{FAE04EC0-301F-11D3-BF4B-00C04F79EFBC}") = "08", "2021\08\08.csproj", "{D9824658-3087-4283-984A-864F9E49A023}"
EndProject
Project("{FAE04EC0-301F-11D3-BF4B-00C04F79EFBC}") = "09", "2021\09\09.csproj", "{749C73E7-DB04-45E3-96B1-6617203CFCCB}"
EndProject
Project("{2150E333-8FDC-42A3-9474-1A3956D46DE8}") = "2022", "2022", "{99958DED-5BC7-4186-B935-6CCFB161EFE9}"
EndProject
Project("{FAE04EC0-301F-11D3-BF4B-00C04F79EFBC}") = "01", "2022\01\01.csproj", "{B3E06D00-1DE5-428E-B744-6365728D42B5}"
EndProject
Project("{FAE04EC0-301F-11D3-BF4B-00C04F79EFBC}") = "_02", "2022\_02\_02.csproj", "{A10DC771-2EF1-4BB3-8197-7DD89793E3D2}"
EndProject
Project("{FAE04EC0-301F-11D3-BF4B-00C04F79EFBC}") = "_03", "2022\_03\_03.csproj", "{87EE9083-6530-4138-BC92-5F9E47AA5C85}"
EndProject
Project("{FAE04EC0-301F-11D3-BF4B-00C04F79EFBC}") = "_04", "2022\_04\_04.csproj", "{0834A059-32D9-43EA-8EAB-88E6A1B69111}"
EndProject
Global
	GlobalSection(SolutionConfigurationPlatforms) = preSolution
		Debug|Any CPU = Debug|Any CPU
		Release|Any CPU = Release|Any CPU
	EndGlobalSection
	GlobalSection(SolutionProperties) = preSolution
		HideSolutionNode = FALSE
	EndGlobalSection
	GlobalSection(ProjectConfigurationPlatforms) = postSolution
		{5B083ACA-49DD-4430-BBCB-35DEC02B83A0}.Debug|Any CPU.ActiveCfg = Debug|Any CPU
		{5B083ACA-49DD-4430-BBCB-35DEC02B83A0}.Debug|Any CPU.Build.0 = Debug|Any CPU
		{5B083ACA-49DD-4430-BBCB-35DEC02B83A0}.Release|Any CPU.ActiveCfg = Release|Any CPU
		{5B083ACA-49DD-4430-BBCB-35DEC02B83A0}.Release|Any CPU.Build.0 = Release|Any CPU
		{C7A35E87-E3D8-4FC7-AED2-E8BFC3D3A7BB}.Debug|Any CPU.ActiveCfg = Debug|Any CPU
		{C7A35E87-E3D8-4FC7-AED2-E8BFC3D3A7BB}.Debug|Any CPU.Build.0 = Debug|Any CPU
		{C7A35E87-E3D8-4FC7-AED2-E8BFC3D3A7BB}.Release|Any CPU.ActiveCfg = Release|Any CPU
		{C7A35E87-E3D8-4FC7-AED2-E8BFC3D3A7BB}.Release|Any CPU.Build.0 = Release|Any CPU
		{33A86FCA-7F62-4289-B0B5-D60EA060081B}.Debug|Any CPU.ActiveCfg = Debug|Any CPU
		{33A86FCA-7F62-4289-B0B5-D60EA060081B}.Debug|Any CPU.Build.0 = Debug|Any CPU
		{33A86FCA-7F62-4289-B0B5-D60EA060081B}.Release|Any CPU.ActiveCfg = Release|Any CPU
		{33A86FCA-7F62-4289-B0B5-D60EA060081B}.Release|Any CPU.Build.0 = Release|Any CPU
		{B09FEA2C-C5FB-47AC-BE8C-117B1283255E}.Debug|Any CPU.ActiveCfg = Debug|Any CPU
		{B09FEA2C-C5FB-47AC-BE8C-117B1283255E}.Debug|Any CPU.Build.0 = Debug|Any CPU
		{B09FEA2C-C5FB-47AC-BE8C-117B1283255E}.Release|Any CPU.ActiveCfg = Release|Any CPU
		{B09FEA2C-C5FB-47AC-BE8C-117B1283255E}.Release|Any CPU.Build.0 = Release|Any CPU
		{567DE139-14C5-4F16-9743-304007D6CA84}.Debug|Any CPU.ActiveCfg = Debug|Any CPU
		{567DE139-14C5-4F16-9743-304007D6CA84}.Debug|Any CPU.Build.0 = Debug|Any CPU
		{567DE139-14C5-4F16-9743-304007D6CA84}.Release|Any CPU.ActiveCfg = Release|Any CPU
		{567DE139-14C5-4F16-9743-304007D6CA84}.Release|Any CPU.Build.0 = Release|Any CPU
		{1DD73134-0E0D-4EED-9FDF-79E81D102C02}.Debug|Any CPU.ActiveCfg = Debug|Any CPU
		{1DD73134-0E0D-4EED-9FDF-79E81D102C02}.Debug|Any CPU.Build.0 = Debug|Any CPU
		{1DD73134-0E0D-4EED-9FDF-79E81D102C02}.Release|Any CPU.ActiveCfg = Release|Any CPU
		{1DD73134-0E0D-4EED-9FDF-79E81D102C02}.Release|Any CPU.Build.0 = Release|Any CPU
		{47057FC8-8653-4847-9693-7D5BEC908970}.Debug|Any CPU.ActiveCfg = Debug|Any CPU
		{47057FC8-8653-4847-9693-7D5BEC908970}.Debug|Any CPU.Build.0 = Debug|Any CPU
		{47057FC8-8653-4847-9693-7D5BEC908970}.Release|Any CPU.ActiveCfg = Release|Any CPU
		{47057FC8-8653-4847-9693-7D5BEC908970}.Release|Any CPU.Build.0 = Release|Any CPU
		{0336B4C1-76C4-4D7E-9E2F-79B14F4EE83C}.Debug|Any CPU.ActiveCfg = Debug|Any CPU
		{0336B4C1-76C4-4D7E-9E2F-79B14F4EE83C}.Debug|Any CPU.Build.0 = Debug|Any CPU
		{0336B4C1-76C4-4D7E-9E2F-79B14F4EE83C}.Release|Any CPU.ActiveCfg = Release|Any CPU
		{0336B4C1-76C4-4D7E-9E2F-79B14F4EE83C}.Release|Any CPU.Build.0 = Release|Any CPU
		{3C821E3F-585D-4129-B0B7-F5F4940834EC}.Debug|Any CPU.ActiveCfg = Debug|Any CPU
		{3C821E3F-585D-4129-B0B7-F5F4940834EC}.Debug|Any CPU.Build.0 = Debug|Any CPU
		{3C821E3F-585D-4129-B0B7-F5F4940834EC}.Release|Any CPU.ActiveCfg = Release|Any CPU
		{3C821E3F-585D-4129-B0B7-F5F4940834EC}.Release|Any CPU.Build.0 = Release|Any CPU
		{C05ED409-4C33-47EC-9F8F-0CE3CE91B3BD}.Debug|Any CPU.ActiveCfg = Debug|Any CPU
		{C05ED409-4C33-47EC-9F8F-0CE3CE91B3BD}.Debug|Any CPU.Build.0 = Debug|Any CPU
		{C05ED409-4C33-47EC-9F8F-0CE3CE91B3BD}.Release|Any CPU.ActiveCfg = Release|Any CPU
		{C05ED409-4C33-47EC-9F8F-0CE3CE91B3BD}.Release|Any CPU.Build.0 = Release|Any CPU
		{1C3556C9-01A7-4B66-B114-926DAF180BFF}.Debug|Any CPU.ActiveCfg = Debug|Any CPU
		{1C3556C9-01A7-4B66-B114-926DAF180BFF}.Debug|Any CPU.Build.0 = Debug|Any CPU
		{1C3556C9-01A7-4B66-B114-926DAF180BFF}.Release|Any CPU.ActiveCfg = Release|Any CPU
		{1C3556C9-01A7-4B66-B114-926DAF180BFF}.Release|Any CPU.Build.0 = Release|Any CPU
		{BDE2D120-8B08-4F15-8B50-9E01425177D2}.Debug|Any CPU.ActiveCfg = Debug|Any CPU
		{BDE2D120-8B08-4F15-8B50-9E01425177D2}.Debug|Any CPU.Build.0 = Debug|Any CPU
		{BDE2D120-8B08-4F15-8B50-9E01425177D2}.Release|Any CPU.ActiveCfg = Release|Any CPU
		{BDE2D120-8B08-4F15-8B50-9E01425177D2}.Release|Any CPU.Build.0 = Release|Any CPU
		{2D332C18-B151-445B-BB87-CD7372AFFA2C}.Debug|Any CPU.ActiveCfg = Debug|Any CPU
		{2D332C18-B151-445B-BB87-CD7372AFFA2C}.Debug|Any CPU.Build.0 = Debug|Any CPU
		{2D332C18-B151-445B-BB87-CD7372AFFA2C}.Release|Any CPU.ActiveCfg = Release|Any CPU
		{2D332C18-B151-445B-BB87-CD7372AFFA2C}.Release|Any CPU.Build.0 = Release|Any CPU
		{FAA654CE-442E-40CA-8049-9D92925FDE8C}.Debug|Any CPU.ActiveCfg = Debug|Any CPU
		{FAA654CE-442E-40CA-8049-9D92925FDE8C}.Debug|Any CPU.Build.0 = Debug|Any CPU
		{FAA654CE-442E-40CA-8049-9D92925FDE8C}.Release|Any CPU.ActiveCfg = Release|Any CPU
		{FAA654CE-442E-40CA-8049-9D92925FDE8C}.Release|Any CPU.Build.0 = Release|Any CPU
		{15157A46-F447-4C2E-9471-A94D18CA6BAE}.Debug|Any CPU.ActiveCfg = Debug|Any CPU
		{15157A46-F447-4C2E-9471-A94D18CA6BAE}.Debug|Any CPU.Build.0 = Debug|Any CPU
		{15157A46-F447-4C2E-9471-A94D18CA6BAE}.Release|Any CPU.ActiveCfg = Release|Any CPU
		{15157A46-F447-4C2E-9471-A94D18CA6BAE}.Release|Any CPU.Build.0 = Release|Any CPU
		{D9824658-3087-4283-984A-864F9E49A023}.Debug|Any CPU.ActiveCfg = Debug|Any CPU
		{D9824658-3087-4283-984A-864F9E49A023}.Debug|Any CPU.Build.0 = Debug|Any CPU
		{D9824658-3087-4283-984A-864F9E49A023}.Release|Any CPU.ActiveCfg = Release|Any CPU
		{D9824658-3087-4283-984A-864F9E49A023}.Release|Any CPU.Build.0 = Release|Any CPU
		{749C73E7-DB04-45E3-96B1-6617203CFCCB}.Debug|Any CPU.ActiveCfg = Debug|Any CPU
		{749C73E7-DB04-45E3-96B1-6617203CFCCB}.Debug|Any CPU.Build.0 = Debug|Any CPU
		{749C73E7-DB04-45E3-96B1-6617203CFCCB}.Release|Any CPU.ActiveCfg = Release|Any CPU
		{749C73E7-DB04-45E3-96B1-6617203CFCCB}.Release|Any CPU.Build.0 = Release|Any CPU
		{B3E06D00-1DE5-428E-B744-6365728D42B5}.Debug|Any CPU.ActiveCfg = Debug|Any CPU
		{B3E06D00-1DE5-428E-B744-6365728D42B5}.Debug|Any CPU.Build.0 = Debug|Any CPU
		{B3E06D00-1DE5-428E-B744-6365728D42B5}.Release|Any CPU.ActiveCfg = Release|Any CPU
		{B3E06D00-1DE5-428E-B744-6365728D42B5}.Release|Any CPU.Build.0 = Release|Any CPU
		{A10DC771-2EF1-4BB3-8197-7DD89793E3D2}.Debug|Any CPU.ActiveCfg = Debug|Any CPU
		{A10DC771-2EF1-4BB3-8197-7DD89793E3D2}.Debug|Any CPU.Build.0 = Debug|Any CPU
		{A10DC771-2EF1-4BB3-8197-7DD89793E3D2}.Release|Any CPU.ActiveCfg = Release|Any CPU
		{A10DC771-2EF1-4BB3-8197-7DD89793E3D2}.Release|Any CPU.Build.0 = Release|Any CPU
		{87EE9083-6530-4138-BC92-5F9E47AA5C85}.Debug|Any CPU.ActiveCfg = Debug|Any CPU
		{87EE9083-6530-4138-BC92-5F9E47AA5C85}.Debug|Any CPU.Build.0 = Debug|Any CPU
		{87EE9083-6530-4138-BC92-5F9E47AA5C85}.Release|Any CPU.ActiveCfg = Release|Any CPU
		{87EE9083-6530-4138-BC92-5F9E47AA5C85}.Release|Any CPU.Build.0 = Release|Any CPU
		{0834A059-32D9-43EA-8EAB-88E6A1B69111}.Debug|Any CPU.ActiveCfg = Debug|Any CPU
		{0834A059-32D9-43EA-8EAB-88E6A1B69111}.Debug|Any CPU.Build.0 = Debug|Any CPU
		{0834A059-32D9-43EA-8EAB-88E6A1B69111}.Release|Any CPU.ActiveCfg = Release|Any CPU
		{0834A059-32D9-43EA-8EAB-88E6A1B69111}.Release|Any CPU.Build.0 = Release|Any CPU
	EndGlobalSection
	GlobalSection(NestedProjects) = preSolution
		{A6939616-5964-4176-9609-35D259049C4A} = {8BCFCE54-EA83-438C-8C25-7EBFF99C0278}
		{5B083ACA-49DD-4430-BBCB-35DEC02B83A0} = {A6939616-5964-4176-9609-35D259049C4A}
		{33A86FCA-7F62-4289-B0B5-D60EA060081B} = {A6939616-5964-4176-9609-35D259049C4A}
		{B09FEA2C-C5FB-47AC-BE8C-117B1283255E} = {A6939616-5964-4176-9609-35D259049C4A}
		{567DE139-14C5-4F16-9743-304007D6CA84} = {A6939616-5964-4176-9609-35D259049C4A}
		{1DD73134-0E0D-4EED-9FDF-79E81D102C02} = {A6939616-5964-4176-9609-35D259049C4A}
		{47057FC8-8653-4847-9693-7D5BEC908970} = {A6939616-5964-4176-9609-35D259049C4A}
		{0336B4C1-76C4-4D7E-9E2F-79B14F4EE83C} = {A6939616-5964-4176-9609-35D259049C4A}
		{3C821E3F-585D-4129-B0B7-F5F4940834EC} = {58D39CE7-733C-4762-B1D0-2FDD6888F95C}
		{C05ED409-4C33-47EC-9F8F-0CE3CE91B3BD} = {58D39CE7-733C-4762-B1D0-2FDD6888F95C}
		{1C3556C9-01A7-4B66-B114-926DAF180BFF} = {58D39CE7-733C-4762-B1D0-2FDD6888F95C}
		{BDE2D120-8B08-4F15-8B50-9E01425177D2} = {58D39CE7-733C-4762-B1D0-2FDD6888F95C}
		{2D332C18-B151-445B-BB87-CD7372AFFA2C} = {58D39CE7-733C-4762-B1D0-2FDD6888F95C}
		{FAA654CE-442E-40CA-8049-9D92925FDE8C} = {58D39CE7-733C-4762-B1D0-2FDD6888F95C}
		{15157A46-F447-4C2E-9471-A94D18CA6BAE} = {58D39CE7-733C-4762-B1D0-2FDD6888F95C}
		{D9824658-3087-4283-984A-864F9E49A023} = {58D39CE7-733C-4762-B1D0-2FDD6888F95C}
		{749C73E7-DB04-45E3-96B1-6617203CFCCB} = {58D39CE7-733C-4762-B1D0-2FDD6888F95C}
		{B3E06D00-1DE5-428E-B744-6365728D42B5} = {99958DED-5BC7-4186-B935-6CCFB161EFE9}
		{A10DC771-2EF1-4BB3-8197-7DD89793E3D2} = {99958DED-5BC7-4186-B935-6CCFB161EFE9}
		{87EE9083-6530-4138-BC92-5F9E47AA5C85} = {99958DED-5BC7-4186-B935-6CCFB161EFE9}
		{0834A059-32D9-43EA-8EAB-88E6A1B69111} = {99958DED-5BC7-4186-B935-6CCFB161EFE9}
	EndGlobalSection
EndGlobal
